
Microsoft Visual Studio Solution File, Format Version 12.00
# Visual Studio Version 16
VisualStudioVersion = 16.0.30011.22
MinimumVisualStudioVersion = 10.0.40219.1
Project("{9A19103F-16F7-4668-BE54-9A1E7A4F7556}") = "Account.Data", "AccountService.Data\Account.Data.csproj", "{9D043B55-B2C3-4034-B2E4-27574EFA6CD8}"
EndProject
Project("{2150E333-8FDC-42A3-9474-1A3956D46DE8}") = "Account", "Account", "{55FE294E-09F0-4BCF-B413-B6C7FE0D1F1B}"
EndProject
Project("{9A19103F-16F7-4668-BE54-9A1E7A4F7556}") = "Account.Service", "Account.Service\Account.Service.csproj", "{9A5AA47D-94D7-4A7D-A1A6-6303E669FD23}"
EndProject
Project("{9A19103F-16F7-4668-BE54-9A1E7A4F7556}") = "Account.WebApi", "Account.Api\Account.WebApi.csproj", "{83674163-DAE0-4D7C-8D2B-8DDB9EF4FE69}"
EndProject
Project("{9A19103F-16F7-4668-BE54-9A1E7A4F7556}") = "Exceptions", "Exceptions\Exceptions.csproj", "{032A644B-5F23-49C2-98BD-68341A468A28}"
EndProject
Project("{2150E333-8FDC-42A3-9474-1A3956D46DE8}") = "Transaction", "Transaction", "{42452D41-245D-4073-9348-A2C72DA0CFB9}"
EndProject
Project("{9A19103F-16F7-4668-BE54-9A1E7A4F7556}") = "Transaction.Data", "Transaction.Data\Transaction.Data.csproj", "{9429F73E-68FE-4DF7-BA94-BBC0E01DBC97}"
EndProject
Project("{9A19103F-16F7-4668-BE54-9A1E7A4F7556}") = "Transaction.Service", "Transaction.Service\Transaction.Service.csproj", "{BBC39B72-E2F6-430A-8067-7E5EE2D5FF2B}"
EndProject
Project("{9A19103F-16F7-4668-BE54-9A1E7A4F7556}") = "Transaction.WebApi", "Tracking.WebApi\Transaction.WebApi.csproj", "{73E57688-31F9-4E7E-ADCF-DB84317CD679}"
EndProject
Project("{9A19103F-16F7-4668-BE54-9A1E7A4F7556}") = "Messages", "Messages\Messages.csproj", "{888D418D-2835-4A13-9353-BBE2A1EE9AFF}"
EndProject
Project("{9A19103F-16F7-4668-BE54-9A1E7A4F7556}") = "Transaction.NSB", "Transaction.NSB\Transaction.NSB.csproj", "{42133302-02F5-4D30-8F1C-D308CA692856}"
EndProject
Project("{9A19103F-16F7-4668-BE54-9A1E7A4F7556}") = "Transaction.Share", "TransactionInterfaces\Transaction.Share.csproj", "{BB2E80B2-7E5D-402F-B4CB-AD2BF8BABD29}"
EndProject
Project("{9A19103F-16F7-4668-BE54-9A1E7A4F7556}") = "Account.NSB", "Account.NSB\Account.NSB.csproj", "{C22119FB-48FC-4EBA-8D43-25B0E2671773}"
EndProject
Project("{9A19103F-16F7-4668-BE54-9A1E7A4F7556}") = "Account.Share", "Account.Share\Account.Share.csproj", "{964D46DB-85AD-47F1-9E73-9923FB9E1E6B}"
EndProject
Global
	GlobalSection(SolutionConfigurationPlatforms) = preSolution
		Debug|Any CPU = Debug|Any CPU
		Release|Any CPU = Release|Any CPU
	EndGlobalSection
	GlobalSection(ProjectConfigurationPlatforms) = postSolution
		{9D043B55-B2C3-4034-B2E4-27574EFA6CD8}.Debug|Any CPU.ActiveCfg = Debug|Any CPU
		{9D043B55-B2C3-4034-B2E4-27574EFA6CD8}.Debug|Any CPU.Build.0 = Debug|Any CPU
		{9D043B55-B2C3-4034-B2E4-27574EFA6CD8}.Release|Any CPU.ActiveCfg = Release|Any CPU
		{9D043B55-B2C3-4034-B2E4-27574EFA6CD8}.Release|Any CPU.Build.0 = Release|Any CPU
		{9A5AA47D-94D7-4A7D-A1A6-6303E669FD23}.Debug|Any CPU.ActiveCfg = Debug|Any CPU
		{9A5AA47D-94D7-4A7D-A1A6-6303E669FD23}.Debug|Any CPU.Build.0 = Debug|Any CPU
		{9A5AA47D-94D7-4A7D-A1A6-6303E669FD23}.Release|Any CPU.ActiveCfg = Release|Any CPU
		{9A5AA47D-94D7-4A7D-A1A6-6303E669FD23}.Release|Any CPU.Build.0 = Release|Any CPU
		{83674163-DAE0-4D7C-8D2B-8DDB9EF4FE69}.Debug|Any CPU.ActiveCfg = Debug|Any CPU
		{83674163-DAE0-4D7C-8D2B-8DDB9EF4FE69}.Debug|Any CPU.Build.0 = Debug|Any CPU
		{83674163-DAE0-4D7C-8D2B-8DDB9EF4FE69}.Release|Any CPU.ActiveCfg = Release|Any CPU
		{83674163-DAE0-4D7C-8D2B-8DDB9EF4FE69}.Release|Any CPU.Build.0 = Release|Any CPU
		{032A644B-5F23-49C2-98BD-68341A468A28}.Debug|Any CPU.ActiveCfg = Debug|Any CPU
		{032A644B-5F23-49C2-98BD-68341A468A28}.Debug|Any CPU.Build.0 = Debug|Any CPU
		{032A644B-5F23-49C2-98BD-68341A468A28}.Release|Any CPU.ActiveCfg = Release|Any CPU
		{032A644B-5F23-49C2-98BD-68341A468A28}.Release|Any CPU.Build.0 = Release|Any CPU
		{9429F73E-68FE-4DF7-BA94-BBC0E01DBC97}.Debug|Any CPU.ActiveCfg = Debug|Any CPU
		{9429F73E-68FE-4DF7-BA94-BBC0E01DBC97}.Debug|Any CPU.Build.0 = Debug|Any CPU
		{9429F73E-68FE-4DF7-BA94-BBC0E01DBC97}.Release|Any CPU.ActiveCfg = Release|Any CPU
		{9429F73E-68FE-4DF7-BA94-BBC0E01DBC97}.Release|Any CPU.Build.0 = Release|Any CPU
		{BBC39B72-E2F6-430A-8067-7E5EE2D5FF2B}.Debug|Any CPU.ActiveCfg = Debug|Any CPU
		{BBC39B72-E2F6-430A-8067-7E5EE2D5FF2B}.Debug|Any CPU.Build.0 = Debug|Any CPU
		{BBC39B72-E2F6-430A-8067-7E5EE2D5FF2B}.Release|Any CPU.ActiveCfg = Release|Any CPU
		{BBC39B72-E2F6-430A-8067-7E5EE2D5FF2B}.Release|Any CPU.Build.0 = Release|Any CPU
		{73E57688-31F9-4E7E-ADCF-DB84317CD679}.Debug|Any CPU.ActiveCfg = Debug|Any CPU
		{73E57688-31F9-4E7E-ADCF-DB84317CD679}.Debug|Any CPU.Build.0 = Debug|Any CPU
		{73E57688-31F9-4E7E-ADCF-DB84317CD679}.Release|Any CPU.ActiveCfg = Release|Any CPU
		{73E57688-31F9-4E7E-ADCF-DB84317CD679}.Release|Any CPU.Build.0 = Release|Any CPU
		{888D418D-2835-4A13-9353-BBE2A1EE9AFF}.Debug|Any CPU.ActiveCfg = Debug|Any CPU
		{888D418D-2835-4A13-9353-BBE2A1EE9AFF}.Debug|Any CPU.Build.0 = Debug|Any CPU
		{888D418D-2835-4A13-9353-BBE2A1EE9AFF}.Release|Any CPU.ActiveCfg = Release|Any CPU
		{888D418D-2835-4A13-9353-BBE2A1EE9AFF}.Release|Any CPU.Build.0 = Release|Any CPU
		{42133302-02F5-4D30-8F1C-D308CA692856}.Debug|Any CPU.ActiveCfg = Debug|Any CPU
		{42133302-02F5-4D30-8F1C-D308CA692856}.Debug|Any CPU.Build.0 = Debug|Any CPU
		{42133302-02F5-4D30-8F1C-D308CA692856}.Release|Any CPU.ActiveCfg = Release|Any CPU
		{42133302-02F5-4D30-8F1C-D308CA692856}.Release|Any CPU.Build.0 = Release|Any CPU
		{BB2E80B2-7E5D-402F-B4CB-AD2BF8BABD29}.Debug|Any CPU.ActiveCfg = Debug|Any CPU
		{BB2E80B2-7E5D-402F-B4CB-AD2BF8BABD29}.Debug|Any CPU.Build.0 = Debug|Any CPU
		{BB2E80B2-7E5D-402F-B4CB-AD2BF8BABD29}.Release|Any CPU.ActiveCfg = Release|Any CPU
		{BB2E80B2-7E5D-402F-B4CB-AD2BF8BABD29}.Release|Any CPU.Build.0 = Release|Any CPU
		{C22119FB-48FC-4EBA-8D43-25B0E2671773}.Debug|Any CPU.ActiveCfg = Debug|Any CPU
		{C22119FB-48FC-4EBA-8D43-25B0E2671773}.Debug|Any CPU.Build.0 = Debug|Any CPU
		{C22119FB-48FC-4EBA-8D43-25B0E2671773}.Release|Any CPU.ActiveCfg = Release|Any CPU
		{C22119FB-48FC-4EBA-8D43-25B0E2671773}.Release|Any CPU.Build.0 = Release|Any CPU
		{964D46DB-85AD-47F1-9E73-9923FB9E1E6B}.Debug|Any CPU.ActiveCfg = Debug|Any CPU
		{964D46DB-85AD-47F1-9E73-9923FB9E1E6B}.Debug|Any CPU.Build.0 = Debug|Any CPU
		{964D46DB-85AD-47F1-9E73-9923FB9E1E6B}.Release|Any CPU.ActiveCfg = Release|Any CPU
		{964D46DB-85AD-47F1-9E73-9923FB9E1E6B}.Release|Any CPU.Build.0 = Release|Any CPU
	EndGlobalSection
	GlobalSection(SolutionProperties) = preSolution
		HideSolutionNode = FALSE
	EndGlobalSection
	GlobalSection(NestedProjects) = preSolution
		{9D043B55-B2C3-4034-B2E4-27574EFA6CD8} = {55FE294E-09F0-4BCF-B413-B6C7FE0D1F1B}
		{9A5AA47D-94D7-4A7D-A1A6-6303E669FD23} = {55FE294E-09F0-4BCF-B413-B6C7FE0D1F1B}
		{83674163-DAE0-4D7C-8D2B-8DDB9EF4FE69} = {55FE294E-09F0-4BCF-B413-B6C7FE0D1F1B}
		{032A644B-5F23-49C2-98BD-68341A468A28} = {55FE294E-09F0-4BCF-B413-B6C7FE0D1F1B}
		{9429F73E-68FE-4DF7-BA94-BBC0E01DBC97} = {42452D41-245D-4073-9348-A2C72DA0CFB9}
		{BBC39B72-E2F6-430A-8067-7E5EE2D5FF2B} = {42452D41-245D-4073-9348-A2C72DA0CFB9}
		{73E57688-31F9-4E7E-ADCF-DB84317CD679} = {42452D41-245D-4073-9348-A2C72DA0CFB9}
		{42133302-02F5-4D30-8F1C-D308CA692856} = {42452D41-245D-4073-9348-A2C72DA0CFB9}
		{BB2E80B2-7E5D-402F-B4CB-AD2BF8BABD29} = {42452D41-245D-4073-9348-A2C72DA0CFB9}
		{C22119FB-48FC-4EBA-8D43-25B0E2671773} = {55FE294E-09F0-4BCF-B413-B6C7FE0D1F1B}
		{964D46DB-85AD-47F1-9E73-9923FB9E1E6B} = {55FE294E-09F0-4BCF-B413-B6C7FE0D1F1B}
	EndGlobalSection
	GlobalSection(ExtensibilityGlobals) = postSolution
		SolutionGuid = {0D7C2BA8-0FCD-4C6C-9EE0-C861D2231118}
	EndGlobalSection
EndGlobal
